// !$*UTF8*$!
{
	archiveVersion = 1;
	classes = {
	};
	objectVersion = 46;
	objects = {

/* Begin PBXBuildFile section */
		13B07FBC1A68108700A75B9A /* AppDelegate.mm in Sources */ = {isa = PBXBuildFile; fileRef = 13B07FB01A68108700A75B9A /* AppDelegate.mm */; };
		13B07FBF1A68108700A75B9A /* Images.xcassets in Resources */ = {isa = PBXBuildFile; fileRef = 13B07FB51A68108700A75B9A /* Images.xcassets */; };
		13B07FC11A68108700A75B9A /* main.m in Sources */ = {isa = PBXBuildFile; fileRef = 13B07FB71A68108700A75B9A /* main.m */; };
		3E461D99554A48A4959DE609 /* SplashScreen.storyboard in Resources */ = {isa = PBXBuildFile; fileRef = AA286B85B6C04FC6940260E9 /* SplashScreen.storyboard */; };
		6044891A337B5F5F456FF580 /* PrivacyInfo.xcprivacy in Resources */ = {isa = PBXBuildFile; fileRef = CE8423084950AD223A648D7F /* PrivacyInfo.xcprivacy */; };
		891B471B43D44400AFEF94E2 /* noop-file.swift in Sources */ = {isa = PBXBuildFile; fileRef = 59BABE8B21F7464C9A630A48 /* noop-file.swift */; };
		96905EF65AED1B983A6B3ABC /* libPods-expoapp.a in Frameworks */ = {isa = PBXBuildFile; fileRef = 58EEBF8E8E6FB1BC6CAF49B5 /* libPods-expoapp.a */; };
		B18059E884C0ABDD17F3DC3D /* ExpoModulesProvider.swift in Sources */ = {isa = PBXBuildFile; fileRef = FAC715A2D49A985799AEE119 /* ExpoModulesProvider.swift */; };
		BB2F792D24A3F905000567C9 /* Expo.plist in Resources */ = {isa = PBXBuildFile; fileRef = BB2F792C24A3F905000567C9 /* Expo.plist */; };
		B11E957970BD446CBE5748E6 /* Poppins-Black.ttf in Resources */ = {isa = PBXBuildFile; fileRef = E10092CD080B43138B537EB9 /* Poppins-Black.ttf */; };
		625474B06E7640B29EF981F5 /* Poppins-Bold.ttf in Resources */ = {isa = PBXBuildFile; fileRef = 26DB9FA6E71E431B8FD08BC7 /* Poppins-Bold.ttf */; };
		0A40E5AE3DB248D4996DEC82 /* Poppins-ExtraBold.ttf in Resources */ = {isa = PBXBuildFile; fileRef = DEF680086F784771A1A72CA1 /* Poppins-ExtraBold.ttf */; };
		4CC51B1FE7A448DB92B16278 /* Poppins-ExtraLight.ttf in Resources */ = {isa = PBXBuildFile; fileRef = 8F1638479A084E64B7A29BFA /* Poppins-ExtraLight.ttf */; };
		7819E5F7DAAB40E992110CAD /* Poppins-Light.ttf in Resources */ = {isa = PBXBuildFile; fileRef = 02472994364748C0BF074859 /* Poppins-Light.ttf */; };
		F8F6791451D34C11AC312F3E /* Poppins-Medium.ttf in Resources */ = {isa = PBXBuildFile; fileRef = 502DC3FE6A0045098B139DA7 /* Poppins-Medium.ttf */; };
		FF6FBFC512D14F9B97B68B9D /* Poppins-Regular.ttf in Resources */ = {isa = PBXBuildFile; fileRef = 9E9297E26FE14DD283E760B7 /* Poppins-Regular.ttf */; };
		029A27F28403454ABBC784FD /* Poppins-SemiBold.ttf in Resources */ = {isa = PBXBuildFile; fileRef = F02FF75F5BDC423CAAB0CB5A /* Poppins-SemiBold.ttf */; };
		0ABE0FE0CFA349B8B4F18DDC /* Poppins-Thin.ttf in Resources */ = {isa = PBXBuildFile; fileRef = BCD903C3DFE34BF4AC193DE3 /* Poppins-Thin.ttf */; };
		1644CB70DD88453B85E86938 /* app_icons.ttf in Resources */ = {isa = PBXBuildFile; fileRef = 607FF961716C4BE2AE5DEB53 /* app_icons.ttf */; };
		09D76D0683E84D53A4F471E1 /* amazonpay.png in Resources */ = {isa = PBXBuildFile; fileRef = E9456E4510B04CFB813691B2 /* amazonpay.png */; };
		7A159F227DBB422ABFB9537D /* applepay.png in Resources */ = {isa = PBXBuildFile; fileRef = 0826F1AA8F0545EBA37A6EF0 /* applepay.png */; };
		59668438BB0244BCA185A939 /* avatar.png in Resources */ = {isa = PBXBuildFile; fileRef = E4F3791186ED4EF4A7CA464B /* avatar.png */; };
		28CDAB4088D647F29F16CFD1 /* gpay.png in Resources */ = {isa = PBXBuildFile; fileRef = 55646CB0C60A44A584D4A6AD /* gpay.png */; };
		C66D2A1BD63E45A084A4365D /* americano_pic_1_portrait.png in Resources */ = {isa = PBXBuildFile; fileRef = 0B6197FED6F54E509EE3F51E /* americano_pic_1_portrait.png */; };
		939B2BEFEC74447D9A56F752 /* americano_pic_2_portrait.png in Resources */ = {isa = PBXBuildFile; fileRef = 5BF782C9B78B4BCC979B7D27 /* americano_pic_2_portrait.png */; };
		91077EBF98DD4C2EA516AC9F /* americano_pic_3_portrait.png in Resources */ = {isa = PBXBuildFile; fileRef = 12231A1F88E146F5B857E461 /* americano_pic_3_portrait.png */; };
		8A164EB7B4904CF5A7D28A7B /* americano_pic_1_square.png in Resources */ = {isa = PBXBuildFile; fileRef = 4A373207490E4A79B9F0CB3C /* americano_pic_1_square.png */; };
		6DF7AB8565AC466FBA208A03 /* americano_pic_2_square.png in Resources */ = {isa = PBXBuildFile; fileRef = 781FE7EF5E3B4762A3BDC92B /* americano_pic_2_square.png */; };
		6631278E2C514459A7E3039E /* americano_pic_3_square.png in Resources */ = {isa = PBXBuildFile; fileRef = 64B655391A124912B63390B6 /* americano_pic_3_square.png */; };
		365F6F82763E405FBA999716 /* arabica_coffee_beans_portrait.png in Resources */ = {isa = PBXBuildFile; fileRef = 979C679F24CA4FEAAA57EF54 /* arabica_coffee_beans_portrait.png */; };
		DEA26A1666144D2A9272DAA2 /* arabica_coffee_beans_square.png in Resources */ = {isa = PBXBuildFile; fileRef = 76E1701B34A042B1A9978134 /* arabica_coffee_beans_square.png */; };
		070BFEF29B904698AD279691 /* black_coffee_pic_1_portrait.png in Resources */ = {isa = PBXBuildFile; fileRef = 4C10E70EEE7049C7BBD2A5FB /* black_coffee_pic_1_portrait.png */; };
		8F4C927EF87C4A6FB49CB76C /* black_coffee_pic_2_portrait.png in Resources */ = {isa = PBXBuildFile; fileRef = B2B833A5CCF4420A9E18A951 /* black_coffee_pic_2_portrait.png */; };
		9DC0E20FDB71464AA2DC2A0F /* black_coffee_pic_3_portrait.png in Resources */ = {isa = PBXBuildFile; fileRef = C1F643AF126E4CB180DF9691 /* black_coffee_pic_3_portrait.png */; };
		EE5B4E246BDD40A4A2EEA24E /* black_coffee_pic_1_square.png in Resources */ = {isa = PBXBuildFile; fileRef = 3205D036E86B49EE9FE92D9E /* black_coffee_pic_1_square.png */; };
		004864BCD8E24B1DB9A048F9 /* black_coffee_pic_2_square.png in Resources */ = {isa = PBXBuildFile; fileRef = 5BC060FF95A8424CACAF4D71 /* black_coffee_pic_2_square.png */; };
		77360E4D525D4F8BA3E51001 /* black_coffee_pic_3_square.png in Resources */ = {isa = PBXBuildFile; fileRef = 4C222ED2147F4675B69C1C0F /* black_coffee_pic_3_square.png */; };
		71497F73B26C4977B5784E98 /* cappuccino_pic_1_portrait.png in Resources */ = {isa = PBXBuildFile; fileRef = D7D2973C2BD7446480E70069 /* cappuccino_pic_1_portrait.png */; };
		73165BA2FABB49C2AB1684F1 /* cappuccino_pic_2_portrait.png in Resources */ = {isa = PBXBuildFile; fileRef = E4B565C173BE42BCA938AC17 /* cappuccino_pic_2_portrait.png */; };
		2F9813463E994F2DA6C0D74E /* cappuccino_pic_3_portrait.png in Resources */ = {isa = PBXBuildFile; fileRef = ACCC0955817E4BE3AF131B5D /* cappuccino_pic_3_portrait.png */; };
		2D85311999034FA59DA22C03 /* cappuccino_pic_1_square.png in Resources */ = {isa = PBXBuildFile; fileRef = 716DB437809743A8A81A1BF7 /* cappuccino_pic_1_square.png */; };
		58AFF5488979400C98C3A874 /* cappuccino_pic_2_square.png in Resources */ = {isa = PBXBuildFile; fileRef = 6335AA12D7064AA8AAF98B80 /* cappuccino_pic_2_square.png */; };
		F666AC11667A4BF6A8E15E19 /* cappuccino_pic_3_square.png in Resources */ = {isa = PBXBuildFile; fileRef = 79F723D94111406A8ACE83B6 /* cappuccino_pic_3_square.png */; };
		475B24ADE0274840B517EDEB /* espresso_pic_1_portrait.png in Resources */ = {isa = PBXBuildFile; fileRef = F4E94249661C4EDD855B408B /* espresso_pic_1_portrait.png */; };
		434A5EEBAA3543E5BE0577D9 /* espresso_pic_2_portrait.png in Resources */ = {isa = PBXBuildFile; fileRef = E1A7B78B9DCC42F48D8B02D7 /* espresso_pic_2_portrait.png */; };
		6517290CBD4B421A85D6A19F /* espresso_pic_3_portrait.png in Resources */ = {isa = PBXBuildFile; fileRef = 70333DBE29A140C39DDD4A12 /* espresso_pic_3_portrait.png */; };
		854A58280ECE4135B2DCD020 /* espresso_pic_1_square.png in Resources */ = {isa = PBXBuildFile; fileRef = 6A67156BE99F4E958423A1CA /* espresso_pic_1_square.png */; };
		22D8ADB4E5A14E829027684D /* espresso_pic_2_square.png in Resources */ = {isa = PBXBuildFile; fileRef = 975867FFF2D544479A080620 /* espresso_pic_2_square.png */; };
		50B332754D274B0D8A2A7552 /* espresso_pic_3_square.png in Resources */ = {isa = PBXBuildFile; fileRef = C9519DE832EF4A4AA1160191 /* espresso_pic_3_square.png */; };
		16080C517D4C47FDB1A8E818 /* excelsa_coffee_beans_portrait.png in Resources */ = {isa = PBXBuildFile; fileRef = 590C144684A046B292284D17 /* excelsa_coffee_beans_portrait.png */; };
		39E26208E1004D86B5E2F42B /* excelsa_coffee_beans_square.png in Resources */ = {isa = PBXBuildFile; fileRef = 74D304E9F342468E9C498D65 /* excelsa_coffee_beans_square.png */; };
		FCBCFFE1921D42969BC7A384 /* latte_pic_1_portrait.png in Resources */ = {isa = PBXBuildFile; fileRef = 91440D5E86194E638A6055EE /* latte_pic_1_portrait.png */; };
		D62BDEB6501B499F9FDEA67B /* latte_pic_2_portrait.png in Resources */ = {isa = PBXBuildFile; fileRef = 5F9ECA554054476FB58AA32C /* latte_pic_2_portrait.png */; };
		33144E308C784AE986594462 /* latte_pic_3_portrait.png in Resources */ = {isa = PBXBuildFile; fileRef = 6A714DE7C933425AA3FFDBE7 /* latte_pic_3_portrait.png */; };
		B6193C64518042A58A0207E5 /* latte_pic_1_square.png in Resources */ = {isa = PBXBuildFile; fileRef = DA755C3A6E3B4881B67E72AE /* latte_pic_1_square.png */; };
		CBCD4D6445CE41DCA7781570 /* latte_pic_2_square.png in Resources */ = {isa = PBXBuildFile; fileRef = 8D8C16C9B3D44E89B0B14D30 /* latte_pic_2_square.png */; };
		296CD26D67004759B480F231 /* latte_pic_3_square.png in Resources */ = {isa = PBXBuildFile; fileRef = 74005F7B2BF84A2086C8559F /* latte_pic_3_square.png */; };
		D3220B1A8CE44F1FB1EE5ED0 /* liberica_coffee_beans_portrait.png in Resources */ = {isa = PBXBuildFile; fileRef = 37A89D60BF6A4746B5D569CE /* liberica_coffee_beans_portrait.png */; };
		2DD4D980D76741A98F828229 /* liberica_coffee_beans_square.png in Resources */ = {isa = PBXBuildFile; fileRef = 684E491E326B478BB8300AFC /* liberica_coffee_beans_square.png */; };
		2DFB696EC0FC463293A8E6CC /* macchiato_pic_1_portrait.png in Resources */ = {isa = PBXBuildFile; fileRef = C99CF65466AC438B973A0AE6 /* macchiato_pic_1_portrait.png */; };
		3B8B582721624D95B0BEE807 /* macchiato_pic_2_portrait.png in Resources */ = {isa = PBXBuildFile; fileRef = 8BD34672DB8C441CA97E9FDC /* macchiato_pic_2_portrait.png */; };
		9D1AADAF25144B8390B5245F /* macchiato_pic_3_portrait.png in Resources */ = {isa = PBXBuildFile; fileRef = 4E94990FAE8C4D92AE26A963 /* macchiato_pic_3_portrait.png */; };
		F0031876D6904C07B0A1E936 /* macchiato_pic_1_square.png in Resources */ = {isa = PBXBuildFile; fileRef = DAAD6EE8B5F94C4794CF4859 /* macchiato_pic_1_square.png */; };
		07FC16C0F8B14E009231C82A /* macchiato_pic_2_square.png in Resources */ = {isa = PBXBuildFile; fileRef = A45E8469B5EB496B9B5B5410 /* macchiato_pic_2_square.png */; };
		4BFAA08A794342E6A0CE0FDE /* macchiato_pic_3_square.png in Resources */ = {isa = PBXBuildFile; fileRef = C8CEA622E83945D396D13A43 /* macchiato_pic_3_square.png */; };
		3541055A8AC64C7A8891FBAA /* robusta_coffee_beans_portrait.png in Resources */ = {isa = PBXBuildFile; fileRef = 5AC4ECE6A4A04AFA9BF0F1D7 /* robusta_coffee_beans_portrait.png */; };
		B1337CBC42D24CD489217F9D /* robusta_coffee_beans_square.png in Resources */ = {isa = PBXBuildFile; fileRef = FAB622DD7C5F495C8F168A59 /* robusta_coffee_beans_square.png */; };
		ED8C1C23F57940DBBD951799 /* adaptive-icon.png in Resources */ = {isa = PBXBuildFile; fileRef = CCEAB1811001487EA109D1AE /* adaptive-icon.png */; };
		C68FF39D435D4D4E8FA2F36C /* favicon.png in Resources */ = {isa = PBXBuildFile; fileRef = EC8CEEE0FAFF412D9A90EF73 /* favicon.png */; };
		0ED4E18EB66A446088FA2260 /* icon.png in Resources */ = {isa = PBXBuildFile; fileRef = E59C83A1CDFF42EEBD3CC223 /* icon.png */; };
		90294D6438E545CCBE51E7B4 /* partial-react-logo.png in Resources */ = {isa = PBXBuildFile; fileRef = 308532F9CF914D7987932E27 /* partial-react-logo.png */; };
		1BB1E5ADE68841B599B2ECBA /* react-logo.png in Resources */ = {isa = PBXBuildFile; fileRef = 43E36AAD76C449ADB62B00BC /* react-logo.png */; };
		C6EDBD51A3D84740A01FD5D3 /* react-logo@2x.png in Resources */ = {isa = PBXBuildFile; fileRef = 1BBAAEAEEDAA48A9BAAA91EB /* react-logo@2x.png */; };
		BE6A35A28C624D19B57EB919 /* react-logo@3x.png in Resources */ = {isa = PBXBuildFile; fileRef = 37BD8F4928304D20ABA208E0 /* react-logo@3x.png */; };
		E3EEF3977C1246FDB88462E1 /* splash.png in Resources */ = {isa = PBXBuildFile; fileRef = 64E152F4A7A54C319C6A7A25 /* splash.png */; };
/* End PBXBuildFile section */

/* Begin PBXFileReference section */
		13B07F961A680F5B00A75B9A /* expoapp.app */ = {isa = PBXFileReference; explicitFileType = wrapper.application; includeInIndex = 0; path = expoapp.app; sourceTree = BUILT_PRODUCTS_DIR; };
		13B07FAF1A68108700A75B9A /* AppDelegate.h */ = {isa = PBXFileReference; fileEncoding = 4; lastKnownFileType = sourcecode.c.h; name = AppDelegate.h; path = expoapp/AppDelegate.h; sourceTree = "<group>"; };
		13B07FB01A68108700A75B9A /* AppDelegate.mm */ = {isa = PBXFileReference; fileEncoding = 4; lastKnownFileType = sourcecode.cpp.objcpp; name = AppDelegate.mm; path = expoapp/AppDelegate.mm; sourceTree = "<group>"; };
		13B07FB51A68108700A75B9A /* Images.xcassets */ = {isa = PBXFileReference; lastKnownFileType = folder.assetcatalog; name = Images.xcassets; path = expoapp/Images.xcassets; sourceTree = "<group>"; };
		13B07FB61A68108700A75B9A /* Info.plist */ = {isa = PBXFileReference; fileEncoding = 4; lastKnownFileType = text.plist.xml; name = Info.plist; path = expoapp/Info.plist; sourceTree = "<group>"; };
		13B07FB71A68108700A75B9A /* main.m */ = {isa = PBXFileReference; fileEncoding = 4; lastKnownFileType = sourcecode.c.objc; name = main.m; path = expoapp/main.m; sourceTree = "<group>"; };
		540DEC2807B649A0A711F4B1 /* expoapp-Bridging-Header.h */ = {isa = PBXFileReference; explicitFileType = undefined; fileEncoding = 4; includeInIndex = 0; lastKnownFileType = sourcecode.c.h; name = "expoapp-Bridging-Header.h"; path = "expoapp/expoapp-Bridging-Header.h"; sourceTree = "<group>"; };
		58EEBF8E8E6FB1BC6CAF49B5 /* libPods-expoapp.a */ = {isa = PBXFileReference; explicitFileType = archive.ar; includeInIndex = 0; path = "libPods-expoapp.a"; sourceTree = BUILT_PRODUCTS_DIR; };
		59BABE8B21F7464C9A630A48 /* noop-file.swift */ = {isa = PBXFileReference; explicitFileType = undefined; fileEncoding = 4; includeInIndex = 0; lastKnownFileType = sourcecode.swift; name = "noop-file.swift"; path = "expoapp/noop-file.swift"; sourceTree = "<group>"; };
		6C2E3173556A471DD304B334 /* Pods-expoapp.debug.xcconfig */ = {isa = PBXFileReference; includeInIndex = 1; lastKnownFileType = text.xcconfig; name = "Pods-expoapp.debug.xcconfig"; path = "Target Support Files/Pods-expoapp/Pods-expoapp.debug.xcconfig"; sourceTree = "<group>"; };
		7A4D352CD337FB3A3BF06240 /* Pods-expoapp.release.xcconfig */ = {isa = PBXFileReference; includeInIndex = 1; lastKnownFileType = text.xcconfig; name = "Pods-expoapp.release.xcconfig"; path = "Target Support Files/Pods-expoapp/Pods-expoapp.release.xcconfig"; sourceTree = "<group>"; };
		AA286B85B6C04FC6940260E9 /* SplashScreen.storyboard */ = {isa = PBXFileReference; fileEncoding = 4; lastKnownFileType = file.storyboard; name = SplashScreen.storyboard; path = expoapp/SplashScreen.storyboard; sourceTree = "<group>"; };
		BB2F792C24A3F905000567C9 /* Expo.plist */ = {isa = PBXFileReference; fileEncoding = 4; lastKnownFileType = text.plist.xml; path = Expo.plist; sourceTree = "<group>"; };
		CE8423084950AD223A648D7F /* PrivacyInfo.xcprivacy */ = {isa = PBXFileReference; includeInIndex = 1; name = PrivacyInfo.xcprivacy; path = expoapp/PrivacyInfo.xcprivacy; sourceTree = "<group>"; };
		ED297162215061F000B7C4FE /* JavaScriptCore.framework */ = {isa = PBXFileReference; lastKnownFileType = wrapper.framework; name = JavaScriptCore.framework; path = System/Library/Frameworks/JavaScriptCore.framework; sourceTree = SDKROOT; };
		FAC715A2D49A985799AEE119 /* ExpoModulesProvider.swift */ = {isa = PBXFileReference; includeInIndex = 1; lastKnownFileType = sourcecode.swift; name = ExpoModulesProvider.swift; path = "Pods/Target Support Files/Pods-expoapp/ExpoModulesProvider.swift"; sourceTree = "<group>"; };
		E10092CD080B43138B537EB9 /* Poppins-Black.ttf */ = {isa = PBXFileReference; name = "Poppins-Black.ttf"; path = "../assets/fonts/Poppins-Black.ttf"; sourceTree = "<group>"; fileEncoding = undefined; lastKnownFileType = unknown; explicitFileType = undefined; includeInIndex = 0; };
		26DB9FA6E71E431B8FD08BC7 /* Poppins-Bold.ttf */ = {isa = PBXFileReference; name = "Poppins-Bold.ttf"; path = "../assets/fonts/Poppins-Bold.ttf"; sourceTree = "<group>"; fileEncoding = undefined; lastKnownFileType = unknown; explicitFileType = undefined; includeInIndex = 0; };
		DEF680086F784771A1A72CA1 /* Poppins-ExtraBold.ttf */ = {isa = PBXFileReference; name = "Poppins-ExtraBold.ttf"; path = "../assets/fonts/Poppins-ExtraBold.ttf"; sourceTree = "<group>"; fileEncoding = undefined; lastKnownFileType = unknown; explicitFileType = undefined; includeInIndex = 0; };
		8F1638479A084E64B7A29BFA /* Poppins-ExtraLight.ttf */ = {isa = PBXFileReference; name = "Poppins-ExtraLight.ttf"; path = "../assets/fonts/Poppins-ExtraLight.ttf"; sourceTree = "<group>"; fileEncoding = undefined; lastKnownFileType = unknown; explicitFileType = undefined; includeInIndex = 0; };
		02472994364748C0BF074859 /* Poppins-Light.ttf */ = {isa = PBXFileReference; name = "Poppins-Light.ttf"; path = "../assets/fonts/Poppins-Light.ttf"; sourceTree = "<group>"; fileEncoding = undefined; lastKnownFileType = unknown; explicitFileType = undefined; includeInIndex = 0; };
		502DC3FE6A0045098B139DA7 /* Poppins-Medium.ttf */ = {isa = PBXFileReference; name = "Poppins-Medium.ttf"; path = "../assets/fonts/Poppins-Medium.ttf"; sourceTree = "<group>"; fileEncoding = undefined; lastKnownFileType = unknown; explicitFileType = undefined; includeInIndex = 0; };
		9E9297E26FE14DD283E760B7 /* Poppins-Regular.ttf */ = {isa = PBXFileReference; name = "Poppins-Regular.ttf"; path = "../assets/fonts/Poppins-Regular.ttf"; sourceTree = "<group>"; fileEncoding = undefined; lastKnownFileType = unknown; explicitFileType = undefined; includeInIndex = 0; };
		F02FF75F5BDC423CAAB0CB5A /* Poppins-SemiBold.ttf */ = {isa = PBXFileReference; name = "Poppins-SemiBold.ttf"; path = "../assets/fonts/Poppins-SemiBold.ttf"; sourceTree = "<group>"; fileEncoding = undefined; lastKnownFileType = unknown; explicitFileType = undefined; includeInIndex = 0; };
		BCD903C3DFE34BF4AC193DE3 /* Poppins-Thin.ttf */ = {isa = PBXFileReference; name = "Poppins-Thin.ttf"; path = "../assets/fonts/Poppins-Thin.ttf"; sourceTree = "<group>"; fileEncoding = undefined; lastKnownFileType = unknown; explicitFileType = undefined; includeInIndex = 0; };
		607FF961716C4BE2AE5DEB53 /* app_icons.ttf */ = {isa = PBXFileReference; name = "app_icons.ttf"; path = "../assets/fonts/app_icons.ttf"; sourceTree = "<group>"; fileEncoding = undefined; lastKnownFileType = unknown; explicitFileType = undefined; includeInIndex = 0; };
		E9456E4510B04CFB813691B2 /* amazonpay.png */ = {isa = PBXFileReference; name = "amazonpay.png"; path = "../assets/app_images/amazonpay.png"; sourceTree = "<group>"; fileEncoding = undefined; lastKnownFileType = unknown; explicitFileType = undefined; includeInIndex = 0; };
		0826F1AA8F0545EBA37A6EF0 /* applepay.png */ = {isa = PBXFileReference; name = "applepay.png"; path = "../assets/app_images/applepay.png"; sourceTree = "<group>"; fileEncoding = undefined; lastKnownFileType = unknown; explicitFileType = undefined; includeInIndex = 0; };
		E4F3791186ED4EF4A7CA464B /* avatar.png */ = {isa = PBXFileReference; name = "avatar.png"; path = "../assets/app_images/avatar.png"; sourceTree = "<group>"; fileEncoding = undefined; lastKnownFileType = unknown; explicitFileType = undefined; includeInIndex = 0; };
		55646CB0C60A44A584D4A6AD /* gpay.png */ = {isa = PBXFileReference; name = "gpay.png"; path = "../assets/app_images/gpay.png"; sourceTree = "<group>"; fileEncoding = undefined; lastKnownFileType = unknown; explicitFileType = undefined; includeInIndex = 0; };
		0B6197FED6F54E509EE3F51E /* americano_pic_1_portrait.png */ = {isa = PBXFileReference; name = "americano_pic_1_portrait.png"; path = "../assets/coffee_assets/americano/portrait/americano_pic_1_portrait.png"; sourceTree = "<group>"; fileEncoding = undefined; lastKnownFileType = unknown; explicitFileType = undefined; includeInIndex = 0; };
		5BF782C9B78B4BCC979B7D27 /* americano_pic_2_portrait.png */ = {isa = PBXFileReference; name = "americano_pic_2_portrait.png"; path = "../assets/coffee_assets/americano/portrait/americano_pic_2_portrait.png"; sourceTree = "<group>"; fileEncoding = undefined; lastKnownFileType = unknown; explicitFileType = undefined; includeInIndex = 0; };
		12231A1F88E146F5B857E461 /* americano_pic_3_portrait.png */ = {isa = PBXFileReference; name = "americano_pic_3_portrait.png"; path = "../assets/coffee_assets/americano/portrait/americano_pic_3_portrait.png"; sourceTree = "<group>"; fileEncoding = undefined; lastKnownFileType = unknown; explicitFileType = undefined; includeInIndex = 0; };
		4A373207490E4A79B9F0CB3C /* americano_pic_1_square.png */ = {isa = PBXFileReference; name = "americano_pic_1_square.png"; path = "../assets/coffee_assets/americano/square/americano_pic_1_square.png"; sourceTree = "<group>"; fileEncoding = undefined; lastKnownFileType = unknown; explicitFileType = undefined; includeInIndex = 0; };
		781FE7EF5E3B4762A3BDC92B /* americano_pic_2_square.png */ = {isa = PBXFileReference; name = "americano_pic_2_square.png"; path = "../assets/coffee_assets/americano/square/americano_pic_2_square.png"; sourceTree = "<group>"; fileEncoding = undefined; lastKnownFileType = unknown; explicitFileType = undefined; includeInIndex = 0; };
		64B655391A124912B63390B6 /* americano_pic_3_square.png */ = {isa = PBXFileReference; name = "americano_pic_3_square.png"; path = "../assets/coffee_assets/americano/square/americano_pic_3_square.png"; sourceTree = "<group>"; fileEncoding = undefined; lastKnownFileType = unknown; explicitFileType = undefined; includeInIndex = 0; };
		979C679F24CA4FEAAA57EF54 /* arabica_coffee_beans_portrait.png */ = {isa = PBXFileReference; name = "arabica_coffee_beans_portrait.png"; path = "../assets/coffee_assets/arabica_coffee_beans/arabica_coffee_beans_portrait.png"; sourceTree = "<group>"; fileEncoding = undefined; lastKnownFileType = unknown; explicitFileType = undefined; includeInIndex = 0; };
		76E1701B34A042B1A9978134 /* arabica_coffee_beans_square.png */ = {isa = PBXFileReference; name = "arabica_coffee_beans_square.png"; path = "../assets/coffee_assets/arabica_coffee_beans/arabica_coffee_beans_square.png"; sourceTree = "<group>"; fileEncoding = undefined; lastKnownFileType = unknown; explicitFileType = undefined; includeInIndex = 0; };
		4C10E70EEE7049C7BBD2A5FB /* black_coffee_pic_1_portrait.png */ = {isa = PBXFileReference; name = "black_coffee_pic_1_portrait.png"; path = "../assets/coffee_assets/black_coffee/portrait/black_coffee_pic_1_portrait.png"; sourceTree = "<group>"; fileEncoding = undefined; lastKnownFileType = unknown; explicitFileType = undefined; includeInIndex = 0; };
		B2B833A5CCF4420A9E18A951 /* black_coffee_pic_2_portrait.png */ = {isa = PBXFileReference; name = "black_coffee_pic_2_portrait.png"; path = "../assets/coffee_assets/black_coffee/portrait/black_coffee_pic_2_portrait.png"; sourceTree = "<group>"; fileEncoding = undefined; lastKnownFileType = unknown; explicitFileType = undefined; includeInIndex = 0; };
		C1F643AF126E4CB180DF9691 /* black_coffee_pic_3_portrait.png */ = {isa = PBXFileReference; name = "black_coffee_pic_3_portrait.png"; path = "../assets/coffee_assets/black_coffee/portrait/black_coffee_pic_3_portrait.png"; sourceTree = "<group>"; fileEncoding = undefined; lastKnownFileType = unknown; explicitFileType = undefined; includeInIndex = 0; };
		3205D036E86B49EE9FE92D9E /* black_coffee_pic_1_square.png */ = {isa = PBXFileReference; name = "black_coffee_pic_1_square.png"; path = "../assets/coffee_assets/black_coffee/square/black_coffee_pic_1_square.png"; sourceTree = "<group>"; fileEncoding = undefined; lastKnownFileType = unknown; explicitFileType = undefined; includeInIndex = 0; };
		5BC060FF95A8424CACAF4D71 /* black_coffee_pic_2_square.png */ = {isa = PBXFileReference; name = "black_coffee_pic_2_square.png"; path = "../assets/coffee_assets/black_coffee/square/black_coffee_pic_2_square.png"; sourceTree = "<group>"; fileEncoding = undefined; lastKnownFileType = unknown; explicitFileType = undefined; includeInIndex = 0; };
		4C222ED2147F4675B69C1C0F /* black_coffee_pic_3_square.png */ = {isa = PBXFileReference; name = "black_coffee_pic_3_square.png"; path = "../assets/coffee_assets/black_coffee/square/black_coffee_pic_3_square.png"; sourceTree = "<group>"; fileEncoding = undefined; lastKnownFileType = unknown; explicitFileType = undefined; includeInIndex = 0; };
		D7D2973C2BD7446480E70069 /* cappuccino_pic_1_portrait.png */ = {isa = PBXFileReference; name = "cappuccino_pic_1_portrait.png"; path = "../assets/coffee_assets/cappuccino/portrait/cappuccino_pic_1_portrait.png"; sourceTree = "<group>"; fileEncoding = undefined; lastKnownFileType = unknown; explicitFileType = undefined; includeInIndex = 0; };
		E4B565C173BE42BCA938AC17 /* cappuccino_pic_2_portrait.png */ = {isa = PBXFileReference; name = "cappuccino_pic_2_portrait.png"; path = "../assets/coffee_assets/cappuccino/portrait/cappuccino_pic_2_portrait.png"; sourceTree = "<group>"; fileEncoding = undefined; lastKnownFileType = unknown; explicitFileType = undefined; includeInIndex = 0; };
		ACCC0955817E4BE3AF131B5D /* cappuccino_pic_3_portrait.png */ = {isa = PBXFileReference; name = "cappuccino_pic_3_portrait.png"; path = "../assets/coffee_assets/cappuccino/portrait/cappuccino_pic_3_portrait.png"; sourceTree = "<group>"; fileEncoding = undefined; lastKnownFileType = unknown; explicitFileType = undefined; includeInIndex = 0; };
		716DB437809743A8A81A1BF7 /* cappuccino_pic_1_square.png */ = {isa = PBXFileReference; name = "cappuccino_pic_1_square.png"; path = "../assets/coffee_assets/cappuccino/square/cappuccino_pic_1_square.png"; sourceTree = "<group>"; fileEncoding = undefined; lastKnownFileType = unknown; explicitFileType = undefined; includeInIndex = 0; };
		6335AA12D7064AA8AAF98B80 /* cappuccino_pic_2_square.png */ = {isa = PBXFileReference; name = "cappuccino_pic_2_square.png"; path = "../assets/coffee_assets/cappuccino/square/cappuccino_pic_2_square.png"; sourceTree = "<group>"; fileEncoding = undefined; lastKnownFileType = unknown; explicitFileType = undefined; includeInIndex = 0; };
		79F723D94111406A8ACE83B6 /* cappuccino_pic_3_square.png */ = {isa = PBXFileReference; name = "cappuccino_pic_3_square.png"; path = "../assets/coffee_assets/cappuccino/square/cappuccino_pic_3_square.png"; sourceTree = "<group>"; fileEncoding = undefined; lastKnownFileType = unknown; explicitFileType = undefined; includeInIndex = 0; };
		F4E94249661C4EDD855B408B /* espresso_pic_1_portrait.png */ = {isa = PBXFileReference; name = "espresso_pic_1_portrait.png"; path = "../assets/coffee_assets/espresso/portrait/espresso_pic_1_portrait.png"; sourceTree = "<group>"; fileEncoding = undefined; lastKnownFileType = unknown; explicitFileType = undefined; includeInIndex = 0; };
		E1A7B78B9DCC42F48D8B02D7 /* espresso_pic_2_portrait.png */ = {isa = PBXFileReference; name = "espresso_pic_2_portrait.png"; path = "../assets/coffee_assets/espresso/portrait/espresso_pic_2_portrait.png"; sourceTree = "<group>"; fileEncoding = undefined; lastKnownFileType = unknown; explicitFileType = undefined; includeInIndex = 0; };
		70333DBE29A140C39DDD4A12 /* espresso_pic_3_portrait.png */ = {isa = PBXFileReference; name = "espresso_pic_3_portrait.png"; path = "../assets/coffee_assets/espresso/portrait/espresso_pic_3_portrait.png"; sourceTree = "<group>"; fileEncoding = undefined; lastKnownFileType = unknown; explicitFileType = undefined; includeInIndex = 0; };
		6A67156BE99F4E958423A1CA /* espresso_pic_1_square.png */ = {isa = PBXFileReference; name = "espresso_pic_1_square.png"; path = "../assets/coffee_assets/espresso/square/espresso_pic_1_square.png"; sourceTree = "<group>"; fileEncoding = undefined; lastKnownFileType = unknown; explicitFileType = undefined; includeInIndex = 0; };
		975867FFF2D544479A080620 /* espresso_pic_2_square.png */ = {isa = PBXFileReference; name = "espresso_pic_2_square.png"; path = "../assets/coffee_assets/espresso/square/espresso_pic_2_square.png"; sourceTree = "<group>"; fileEncoding = undefined; lastKnownFileType = unknown; explicitFileType = undefined; includeInIndex = 0; };
		C9519DE832EF4A4AA1160191 /* espresso_pic_3_square.png */ = {isa = PBXFileReference; name = "espresso_pic_3_square.png"; path = "../assets/coffee_assets/espresso/square/espresso_pic_3_square.png"; sourceTree = "<group>"; fileEncoding = undefined; lastKnownFileType = unknown; explicitFileType = undefined; includeInIndex = 0; };
		590C144684A046B292284D17 /* excelsa_coffee_beans_portrait.png */ = {isa = PBXFileReference; name = "excelsa_coffee_beans_portrait.png"; path = "../assets/coffee_assets/excelsa_coffee_beans/excelsa_coffee_beans_portrait.png"; sourceTree = "<group>"; fileEncoding = undefined; lastKnownFileType = unknown; explicitFileType = undefined; includeInIndex = 0; };
		74D304E9F342468E9C498D65 /* excelsa_coffee_beans_square.png */ = {isa = PBXFileReference; name = "excelsa_coffee_beans_square.png"; path = "../assets/coffee_assets/excelsa_coffee_beans/excelsa_coffee_beans_square.png"; sourceTree = "<group>"; fileEncoding = undefined; lastKnownFileType = unknown; explicitFileType = undefined; includeInIndex = 0; };
		91440D5E86194E638A6055EE /* latte_pic_1_portrait.png */ = {isa = PBXFileReference; name = "latte_pic_1_portrait.png"; path = "../assets/coffee_assets/latte/portrait/latte_pic_1_portrait.png"; sourceTree = "<group>"; fileEncoding = undefined; lastKnownFileType = unknown; explicitFileType = undefined; includeInIndex = 0; };
		5F9ECA554054476FB58AA32C /* latte_pic_2_portrait.png */ = {isa = PBXFileReference; name = "latte_pic_2_portrait.png"; path = "../assets/coffee_assets/latte/portrait/latte_pic_2_portrait.png"; sourceTree = "<group>"; fileEncoding = undefined; lastKnownFileType = unknown; explicitFileType = undefined; includeInIndex = 0; };
		6A714DE7C933425AA3FFDBE7 /* latte_pic_3_portrait.png */ = {isa = PBXFileReference; name = "latte_pic_3_portrait.png"; path = "../assets/coffee_assets/latte/portrait/latte_pic_3_portrait.png"; sourceTree = "<group>"; fileEncoding = undefined; lastKnownFileType = unknown; explicitFileType = undefined; includeInIndex = 0; };
		DA755C3A6E3B4881B67E72AE /* latte_pic_1_square.png */ = {isa = PBXFileReference; name = "latte_pic_1_square.png"; path = "../assets/coffee_assets/latte/square/latte_pic_1_square.png"; sourceTree = "<group>"; fileEncoding = undefined; lastKnownFileType = unknown; explicitFileType = undefined; includeInIndex = 0; };
		8D8C16C9B3D44E89B0B14D30 /* latte_pic_2_square.png */ = {isa = PBXFileReference; name = "latte_pic_2_square.png"; path = "../assets/coffee_assets/latte/square/latte_pic_2_square.png"; sourceTree = "<group>"; fileEncoding = undefined; lastKnownFileType = unknown; explicitFileType = undefined; includeInIndex = 0; };
		74005F7B2BF84A2086C8559F /* latte_pic_3_square.png */ = {isa = PBXFileReference; name = "latte_pic_3_square.png"; path = "../assets/coffee_assets/latte/square/latte_pic_3_square.png"; sourceTree = "<group>"; fileEncoding = undefined; lastKnownFileType = unknown; explicitFileType = undefined; includeInIndex = 0; };
		37A89D60BF6A4746B5D569CE /* liberica_coffee_beans_portrait.png */ = {isa = PBXFileReference; name = "liberica_coffee_beans_portrait.png"; path = "../assets/coffee_assets/liberica_coffee_beans/liberica_coffee_beans_portrait.png"; sourceTree = "<group>"; fileEncoding = undefined; lastKnownFileType = unknown; explicitFileType = undefined; includeInIndex = 0; };
		684E491E326B478BB8300AFC /* liberica_coffee_beans_square.png */ = {isa = PBXFileReference; name = "liberica_coffee_beans_square.png"; path = "../assets/coffee_assets/liberica_coffee_beans/liberica_coffee_beans_square.png"; sourceTree = "<group>"; fileEncoding = undefined; lastKnownFileType = unknown; explicitFileType = undefined; includeInIndex = 0; };
		C99CF65466AC438B973A0AE6 /* macchiato_pic_1_portrait.png */ = {isa = PBXFileReference; name = "macchiato_pic_1_portrait.png"; path = "../assets/coffee_assets/macchiato/portrait/macchiato_pic_1_portrait.png"; sourceTree = "<group>"; fileEncoding = undefined; lastKnownFileType = unknown; explicitFileType = undefined; includeInIndex = 0; };
		8BD34672DB8C441CA97E9FDC /* macchiato_pic_2_portrait.png */ = {isa = PBXFileReference; name = "macchiato_pic_2_portrait.png"; path = "../assets/coffee_assets/macchiato/portrait/macchiato_pic_2_portrait.png"; sourceTree = "<group>"; fileEncoding = undefined; lastKnownFileType = unknown; explicitFileType = undefined; includeInIndex = 0; };
		4E94990FAE8C4D92AE26A963 /* macchiato_pic_3_portrait.png */ = {isa = PBXFileReference; name = "macchiato_pic_3_portrait.png"; path = "../assets/coffee_assets/macchiato/portrait/macchiato_pic_3_portrait.png"; sourceTree = "<group>"; fileEncoding = undefined; lastKnownFileType = unknown; explicitFileType = undefined; includeInIndex = 0; };
		DAAD6EE8B5F94C4794CF4859 /* macchiato_pic_1_square.png */ = {isa = PBXFileReference; name = "macchiato_pic_1_square.png"; path = "../assets/coffee_assets/macchiato/square/macchiato_pic_1_square.png"; sourceTree = "<group>"; fileEncoding = undefined; lastKnownFileType = unknown; explicitFileType = undefined; includeInIndex = 0; };
		A45E8469B5EB496B9B5B5410 /* macchiato_pic_2_square.png */ = {isa = PBXFileReference; name = "macchiato_pic_2_square.png"; path = "../assets/coffee_assets/macchiato/square/macchiato_pic_2_square.png"; sourceTree = "<group>"; fileEncoding = undefined; lastKnownFileType = unknown; explicitFileType = undefined; includeInIndex = 0; };
		C8CEA622E83945D396D13A43 /* macchiato_pic_3_square.png */ = {isa = PBXFileReference; name = "macchiato_pic_3_square.png"; path = "../assets/coffee_assets/macchiato/square/macchiato_pic_3_square.png"; sourceTree = "<group>"; fileEncoding = undefined; lastKnownFileType = unknown; explicitFileType = undefined; includeInIndex = 0; };
		5AC4ECE6A4A04AFA9BF0F1D7 /* robusta_coffee_beans_portrait.png */ = {isa = PBXFileReference; name = "robusta_coffee_beans_portrait.png"; path = "../assets/coffee_assets/robusta_coffee_beans/robusta_coffee_beans_portrait.png"; sourceTree = "<group>"; fileEncoding = undefined; lastKnownFileType = unknown; explicitFileType = undefined; includeInIndex = 0; };
		FAB622DD7C5F495C8F168A59 /* robusta_coffee_beans_square.png */ = {isa = PBXFileReference; name = "robusta_coffee_beans_square.png"; path = "../assets/coffee_assets/robusta_coffee_beans/robusta_coffee_beans_square.png"; sourceTree = "<group>"; fileEncoding = undefined; lastKnownFileType = unknown; explicitFileType = undefined; includeInIndex = 0; };
		CCEAB1811001487EA109D1AE /* adaptive-icon.png */ = {isa = PBXFileReference; name = "adaptive-icon.png"; path = "../assets/images/adaptive-icon.png"; sourceTree = "<group>"; fileEncoding = undefined; lastKnownFileType = unknown; explicitFileType = undefined; includeInIndex = 0; };
		EC8CEEE0FAFF412D9A90EF73 /* favicon.png */ = {isa = PBXFileReference; name = "favicon.png"; path = "../assets/images/favicon.png"; sourceTree = "<group>"; fileEncoding = undefined; lastKnownFileType = unknown; explicitFileType = undefined; includeInIndex = 0; };
		E59C83A1CDFF42EEBD3CC223 /* icon.png */ = {isa = PBXFileReference; name = "icon.png"; path = "../assets/images/icon.png"; sourceTree = "<group>"; fileEncoding = undefined; lastKnownFileType = unknown; explicitFileType = undefined; includeInIndex = 0; };
		308532F9CF914D7987932E27 /* partial-react-logo.png */ = {isa = PBXFileReference; name = "partial-react-logo.png"; path = "../assets/images/partial-react-logo.png"; sourceTree = "<group>"; fileEncoding = undefined; lastKnownFileType = unknown; explicitFileType = undefined; includeInIndex = 0; };
		43E36AAD76C449ADB62B00BC /* react-logo.png */ = {isa = PBXFileReference; name = "react-logo.png"; path = "../assets/images/react-logo.png"; sourceTree = "<group>"; fileEncoding = undefined; lastKnownFileType = unknown; explicitFileType = undefined; includeInIndex = 0; };
		1BBAAEAEEDAA48A9BAAA91EB /* react-logo@2x.png */ = {isa = PBXFileReference; name = "react-logo@2x.png"; path = "../assets/images/react-logo@2x.png"; sourceTree = "<group>"; fileEncoding = undefined; lastKnownFileType = unknown; explicitFileType = undefined; includeInIndex = 0; };
		37BD8F4928304D20ABA208E0 /* react-logo@3x.png */ = {isa = PBXFileReference; name = "react-logo@3x.png"; path = "../assets/images/react-logo@3x.png"; sourceTree = "<group>"; fileEncoding = undefined; lastKnownFileType = unknown; explicitFileType = undefined; includeInIndex = 0; };
		64E152F4A7A54C319C6A7A25 /* splash.png */ = {isa = PBXFileReference; name = "splash.png"; path = "../assets/images/splash.png"; sourceTree = "<group>"; fileEncoding = undefined; lastKnownFileType = unknown; explicitFileType = undefined; includeInIndex = 0; };
/* End PBXFileReference section */

/* Begin PBXFrameworksBuildPhase section */
		13B07F8C1A680F5B00A75B9A /* Frameworks */ = {
			isa = PBXFrameworksBuildPhase;
			buildActionMask = 2147483647;
			files = (
				96905EF65AED1B983A6B3ABC /* libPods-expoapp.a in Frameworks */,
			);
			runOnlyForDeploymentPostprocessing = 0;
		};
/* End PBXFrameworksBuildPhase section */

/* Begin PBXGroup section */
		13B07FAE1A68108700A75B9A /* expoapp */ = {
			isa = PBXGroup;
			children = (
				BB2F792B24A3F905000567C9 /* Supporting */,
				13B07FAF1A68108700A75B9A /* AppDelegate.h */,
				13B07FB01A68108700A75B9A /* AppDelegate.mm */,
				13B07FB51A68108700A75B9A /* Images.xcassets */,
				13B07FB61A68108700A75B9A /* Info.plist */,
				13B07FB71A68108700A75B9A /* main.m */,
				AA286B85B6C04FC6940260E9 /* SplashScreen.storyboard */,
				59BABE8B21F7464C9A630A48 /* noop-file.swift */,
				540DEC2807B649A0A711F4B1 /* expoapp-Bridging-Header.h */,
				CE8423084950AD223A648D7F /* PrivacyInfo.xcprivacy */,
			);
			name = expoapp;
			sourceTree = "<group>";
		};
		2D16E6871FA4F8E400B85C8A /* Frameworks */ = {
			isa = PBXGroup;
			children = (
				ED297162215061F000B7C4FE /* JavaScriptCore.framework */,
				58EEBF8E8E6FB1BC6CAF49B5 /* libPods-expoapp.a */,
			);
			name = Frameworks;
			sourceTree = "<group>";
		};
		832341AE1AAA6A7D00B99B32 /* Libraries */ = {
			isa = PBXGroup;
			children = (
			);
			name = Libraries;
			sourceTree = "<group>";
		};
		83CBB9F61A601CBA00E9B192 = {
			isa = PBXGroup;
			children = (
				13B07FAE1A68108700A75B9A /* expoapp */,
				832341AE1AAA6A7D00B99B32 /* Libraries */,
				83CBBA001A601CBA00E9B192 /* Products */,
				2D16E6871FA4F8E400B85C8A /* Frameworks */,
				D65327D7A22EEC0BE12398D9 /* Pods */,
				D7E4C46ADA2E9064B798F356 /* ExpoModulesProviders */,
				FAA3275DF417470EB96A3C75 /* Resources */,
			);
			indentWidth = 2;
			sourceTree = "<group>";
			tabWidth = 2;
			usesTabs = 0;
		};
		83CBBA001A601CBA00E9B192 /* Products */ = {
			isa = PBXGroup;
			children = (
				13B07F961A680F5B00A75B9A /* expoapp.app */,
			);
			name = Products;
			sourceTree = "<group>";
		};
		92DBD88DE9BF7D494EA9DA96 /* expoapp */ = {
			isa = PBXGroup;
			children = (
				FAC715A2D49A985799AEE119 /* ExpoModulesProvider.swift */,
			);
			name = expoapp;
			sourceTree = "<group>";
		};
		BB2F792B24A3F905000567C9 /* Supporting */ = {
			isa = PBXGroup;
			children = (
				BB2F792C24A3F905000567C9 /* Expo.plist */,
			);
			name = Supporting;
			path = expoapp/Supporting;
			sourceTree = "<group>";
		};
		D65327D7A22EEC0BE12398D9 /* Pods */ = {
			isa = PBXGroup;
			children = (
				6C2E3173556A471DD304B334 /* Pods-expoapp.debug.xcconfig */,
				7A4D352CD337FB3A3BF06240 /* Pods-expoapp.release.xcconfig */,
			);
			path = Pods;
			sourceTree = "<group>";
		};
		D7E4C46ADA2E9064B798F356 /* ExpoModulesProviders */ = {
			isa = PBXGroup;
			children = (
				92DBD88DE9BF7D494EA9DA96 /* expoapp */,
			);
			name = ExpoModulesProviders;
			sourceTree = "<group>";
		};
		FAA3275DF417470EB96A3C75 /* Resources */ = {
			isa = PBXGroup;
			children = (
				E10092CD080B43138B537EB9 /* Poppins-Black.ttf */,
				26DB9FA6E71E431B8FD08BC7 /* Poppins-Bold.ttf */,
				DEF680086F784771A1A72CA1 /* Poppins-ExtraBold.ttf */,
				8F1638479A084E64B7A29BFA /* Poppins-ExtraLight.ttf */,
				02472994364748C0BF074859 /* Poppins-Light.ttf */,
				502DC3FE6A0045098B139DA7 /* Poppins-Medium.ttf */,
				9E9297E26FE14DD283E760B7 /* Poppins-Regular.ttf */,
				F02FF75F5BDC423CAAB0CB5A /* Poppins-SemiBold.ttf */,
				BCD903C3DFE34BF4AC193DE3 /* Poppins-Thin.ttf */,
				607FF961716C4BE2AE5DEB53 /* app_icons.ttf */,
				E9456E4510B04CFB813691B2 /* amazonpay.png */,
				0826F1AA8F0545EBA37A6EF0 /* applepay.png */,
				E4F3791186ED4EF4A7CA464B /* avatar.png */,
				55646CB0C60A44A584D4A6AD /* gpay.png */,
				0B6197FED6F54E509EE3F51E /* americano_pic_1_portrait.png */,
				5BF782C9B78B4BCC979B7D27 /* americano_pic_2_portrait.png */,
				12231A1F88E146F5B857E461 /* americano_pic_3_portrait.png */,
				4A373207490E4A79B9F0CB3C /* americano_pic_1_square.png */,
				781FE7EF5E3B4762A3BDC92B /* americano_pic_2_square.png */,
				64B655391A124912B63390B6 /* americano_pic_3_square.png */,
				979C679F24CA4FEAAA57EF54 /* arabica_coffee_beans_portrait.png */,
				76E1701B34A042B1A9978134 /* arabica_coffee_beans_square.png */,
				4C10E70EEE7049C7BBD2A5FB /* black_coffee_pic_1_portrait.png */,
				B2B833A5CCF4420A9E18A951 /* black_coffee_pic_2_portrait.png */,
				C1F643AF126E4CB180DF9691 /* black_coffee_pic_3_portrait.png */,
				3205D036E86B49EE9FE92D9E /* black_coffee_pic_1_square.png */,
				5BC060FF95A8424CACAF4D71 /* black_coffee_pic_2_square.png */,
				4C222ED2147F4675B69C1C0F /* black_coffee_pic_3_square.png */,
				D7D2973C2BD7446480E70069 /* cappuccino_pic_1_portrait.png */,
				E4B565C173BE42BCA938AC17 /* cappuccino_pic_2_portrait.png */,
				ACCC0955817E4BE3AF131B5D /* cappuccino_pic_3_portrait.png */,
				716DB437809743A8A81A1BF7 /* cappuccino_pic_1_square.png */,
				6335AA12D7064AA8AAF98B80 /* cappuccino_pic_2_square.png */,
				79F723D94111406A8ACE83B6 /* cappuccino_pic_3_square.png */,
				F4E94249661C4EDD855B408B /* espresso_pic_1_portrait.png */,
				E1A7B78B9DCC42F48D8B02D7 /* espresso_pic_2_portrait.png */,
				70333DBE29A140C39DDD4A12 /* espresso_pic_3_portrait.png */,
				6A67156BE99F4E958423A1CA /* espresso_pic_1_square.png */,
				975867FFF2D544479A080620 /* espresso_pic_2_square.png */,
				C9519DE832EF4A4AA1160191 /* espresso_pic_3_square.png */,
				590C144684A046B292284D17 /* excelsa_coffee_beans_portrait.png */,
				74D304E9F342468E9C498D65 /* excelsa_coffee_beans_square.png */,
				91440D5E86194E638A6055EE /* latte_pic_1_portrait.png */,
				5F9ECA554054476FB58AA32C /* latte_pic_2_portrait.png */,
				6A714DE7C933425AA3FFDBE7 /* latte_pic_3_portrait.png */,
				DA755C3A6E3B4881B67E72AE /* latte_pic_1_square.png */,
				8D8C16C9B3D44E89B0B14D30 /* latte_pic_2_square.png */,
				74005F7B2BF84A2086C8559F /* latte_pic_3_square.png */,
				37A89D60BF6A4746B5D569CE /* liberica_coffee_beans_portrait.png */,
				684E491E326B478BB8300AFC /* liberica_coffee_beans_square.png */,
				C99CF65466AC438B973A0AE6 /* macchiato_pic_1_portrait.png */,
				8BD34672DB8C441CA97E9FDC /* macchiato_pic_2_portrait.png */,
				4E94990FAE8C4D92AE26A963 /* macchiato_pic_3_portrait.png */,
				DAAD6EE8B5F94C4794CF4859 /* macchiato_pic_1_square.png */,
				A45E8469B5EB496B9B5B5410 /* macchiato_pic_2_square.png */,
				C8CEA622E83945D396D13A43 /* macchiato_pic_3_square.png */,
				5AC4ECE6A4A04AFA9BF0F1D7 /* robusta_coffee_beans_portrait.png */,
				FAB622DD7C5F495C8F168A59 /* robusta_coffee_beans_square.png */,
				CCEAB1811001487EA109D1AE /* adaptive-icon.png */,
				EC8CEEE0FAFF412D9A90EF73 /* favicon.png */,
				E59C83A1CDFF42EEBD3CC223 /* icon.png */,
				308532F9CF914D7987932E27 /* partial-react-logo.png */,
				43E36AAD76C449ADB62B00BC /* react-logo.png */,
				1BBAAEAEEDAA48A9BAAA91EB /* react-logo@2x.png */,
				37BD8F4928304D20ABA208E0 /* react-logo@3x.png */,
				64E152F4A7A54C319C6A7A25 /* splash.png */,
			);
			name = Resources;
			path = "";
			sourceTree = "<group>";
		};
/* End PBXGroup section */

/* Begin PBXNativeTarget section */
		13B07F861A680F5B00A75B9A /* expoapp */ = {
			isa = PBXNativeTarget;
			buildConfigurationList = 13B07F931A680F5B00A75B9A /* Build configuration list for PBXNativeTarget "expoapp" */;
			buildPhases = (
				08A4A3CD28434E44B6B9DE2E /* [CP] Check Pods Manifest.lock */,
				727CD76238D6329BB3B51288 /* [Expo] Configure project */,
				13B07F871A680F5B00A75B9A /* Sources */,
				13B07F8C1A680F5B00A75B9A /* Frameworks */,
				13B07F8E1A680F5B00A75B9A /* Resources */,
				00DD1BFF1BD5951E006B06BC /* Bundle React Native code and images */,
				800E24972A6A228C8D4807E9 /* [CP] Copy Pods Resources */,
				BE876DC4FF1CFACA527C2C65 /* [CP] Embed Pods Frameworks */,
			);
			buildRules = (
			);
			dependencies = (
			);
			name = expoapp;
			productName = expoapp;
			productReference = 13B07F961A680F5B00A75B9A /* expoapp.app */;
			productType = "com.apple.product-type.application";
		};
/* End PBXNativeTarget section */

/* Begin PBXProject section */
		83CBB9F71A601CBA00E9B192 /* Project object */ = {
			isa = PBXProject;
			attributes = {
				LastUpgradeCheck = 1130;
				TargetAttributes = {
					13B07F861A680F5B00A75B9A = {
						LastSwiftMigration = 1250;
					};
				};
			};
			buildConfigurationList = 83CBB9FA1A601CBA00E9B192 /* Build configuration list for PBXProject "expoapp" */;
			compatibilityVersion = "Xcode 3.2";
			developmentRegion = en;
			hasScannedForEncodings = 0;
			knownRegions = (
				en,
				Base,
			);
			mainGroup = 83CBB9F61A601CBA00E9B192;
			productRefGroup = 83CBBA001A601CBA00E9B192 /* Products */;
			projectDirPath = "";
			projectRoot = "";
			targets = (
				13B07F861A680F5B00A75B9A /* expoapp */,
			);
		};
/* End PBXProject section */

/* Begin PBXResourcesBuildPhase section */
		13B07F8E1A680F5B00A75B9A /* Resources */ = {
			isa = PBXResourcesBuildPhase;
			buildActionMask = 2147483647;
			files = (
				BB2F792D24A3F905000567C9 /* Expo.plist in Resources */,
				13B07FBF1A68108700A75B9A /* Images.xcassets in Resources */,
				3E461D99554A48A4959DE609 /* SplashScreen.storyboard in Resources */,
				6044891A337B5F5F456FF580 /* PrivacyInfo.xcprivacy in Resources */,
				B11E957970BD446CBE5748E6 /* Poppins-Black.ttf in Resources */,
				625474B06E7640B29EF981F5 /* Poppins-Bold.ttf in Resources */,
				0A40E5AE3DB248D4996DEC82 /* Poppins-ExtraBold.ttf in Resources */,
				4CC51B1FE7A448DB92B16278 /* Poppins-ExtraLight.ttf in Resources */,
				7819E5F7DAAB40E992110CAD /* Poppins-Light.ttf in Resources */,
				F8F6791451D34C11AC312F3E /* Poppins-Medium.ttf in Resources */,
				FF6FBFC512D14F9B97B68B9D /* Poppins-Regular.ttf in Resources */,
				029A27F28403454ABBC784FD /* Poppins-SemiBold.ttf in Resources */,
				0ABE0FE0CFA349B8B4F18DDC /* Poppins-Thin.ttf in Resources */,
				1644CB70DD88453B85E86938 /* app_icons.ttf in Resources */,
				09D76D0683E84D53A4F471E1 /* amazonpay.png in Resources */,
				7A159F227DBB422ABFB9537D /* applepay.png in Resources */,
				59668438BB0244BCA185A939 /* avatar.png in Resources */,
				28CDAB4088D647F29F16CFD1 /* gpay.png in Resources */,
				C66D2A1BD63E45A084A4365D /* americano_pic_1_portrait.png in Resources */,
				939B2BEFEC74447D9A56F752 /* americano_pic_2_portrait.png in Resources */,
				91077EBF98DD4C2EA516AC9F /* americano_pic_3_portrait.png in Resources */,
				8A164EB7B4904CF5A7D28A7B /* americano_pic_1_square.png in Resources */,
				6DF7AB8565AC466FBA208A03 /* americano_pic_2_square.png in Resources */,
				6631278E2C514459A7E3039E /* americano_pic_3_square.png in Resources */,
				365F6F82763E405FBA999716 /* arabica_coffee_beans_portrait.png in Resources */,
				DEA26A1666144D2A9272DAA2 /* arabica_coffee_beans_square.png in Resources */,
				070BFEF29B904698AD279691 /* black_coffee_pic_1_portrait.png in Resources */,
				8F4C927EF87C4A6FB49CB76C /* black_coffee_pic_2_portrait.png in Resources */,
				9DC0E20FDB71464AA2DC2A0F /* black_coffee_pic_3_portrait.png in Resources */,
				EE5B4E246BDD40A4A2EEA24E /* black_coffee_pic_1_square.png in Resources */,
				004864BCD8E24B1DB9A048F9 /* black_coffee_pic_2_square.png in Resources */,
				77360E4D525D4F8BA3E51001 /* black_coffee_pic_3_square.png in Resources */,
				71497F73B26C4977B5784E98 /* cappuccino_pic_1_portrait.png in Resources */,
				73165BA2FABB49C2AB1684F1 /* cappuccino_pic_2_portrait.png in Resources */,
				2F9813463E994F2DA6C0D74E /* cappuccino_pic_3_portrait.png in Resources */,
				2D85311999034FA59DA22C03 /* cappuccino_pic_1_square.png in Resources */,
				58AFF5488979400C98C3A874 /* cappuccino_pic_2_square.png in Resources */,
				F666AC11667A4BF6A8E15E19 /* cappuccino_pic_3_square.png in Resources */,
				475B24ADE0274840B517EDEB /* espresso_pic_1_portrait.png in Resources */,
				434A5EEBAA3543E5BE0577D9 /* espresso_pic_2_portrait.png in Resources */,
				6517290CBD4B421A85D6A19F /* espresso_pic_3_portrait.png in Resources */,
				854A58280ECE4135B2DCD020 /* espresso_pic_1_square.png in Resources */,
				22D8ADB4E5A14E829027684D /* espresso_pic_2_square.png in Resources */,
				50B332754D274B0D8A2A7552 /* espresso_pic_3_square.png in Resources */,
				16080C517D4C47FDB1A8E818 /* excelsa_coffee_beans_portrait.png in Resources */,
				39E26208E1004D86B5E2F42B /* excelsa_coffee_beans_square.png in Resources */,
				FCBCFFE1921D42969BC7A384 /* latte_pic_1_portrait.png in Resources */,
				D62BDEB6501B499F9FDEA67B /* latte_pic_2_portrait.png in Resources */,
				33144E308C784AE986594462 /* latte_pic_3_portrait.png in Resources */,
				B6193C64518042A58A0207E5 /* latte_pic_1_square.png in Resources */,
				CBCD4D6445CE41DCA7781570 /* latte_pic_2_square.png in Resources */,
				296CD26D67004759B480F231 /* latte_pic_3_square.png in Resources */,
				D3220B1A8CE44F1FB1EE5ED0 /* liberica_coffee_beans_portrait.png in Resources */,
				2DD4D980D76741A98F828229 /* liberica_coffee_beans_square.png in Resources */,
				2DFB696EC0FC463293A8E6CC /* macchiato_pic_1_portrait.png in Resources */,
				3B8B582721624D95B0BEE807 /* macchiato_pic_2_portrait.png in Resources */,
				9D1AADAF25144B8390B5245F /* macchiato_pic_3_portrait.png in Resources */,
				F0031876D6904C07B0A1E936 /* macchiato_pic_1_square.png in Resources */,
				07FC16C0F8B14E009231C82A /* macchiato_pic_2_square.png in Resources */,
				4BFAA08A794342E6A0CE0FDE /* macchiato_pic_3_square.png in Resources */,
				3541055A8AC64C7A8891FBAA /* robusta_coffee_beans_portrait.png in Resources */,
				B1337CBC42D24CD489217F9D /* robusta_coffee_beans_square.png in Resources */,
				ED8C1C23F57940DBBD951799 /* adaptive-icon.png in Resources */,
				C68FF39D435D4D4E8FA2F36C /* favicon.png in Resources */,
				0ED4E18EB66A446088FA2260 /* icon.png in Resources */,
				90294D6438E545CCBE51E7B4 /* partial-react-logo.png in Resources */,
				1BB1E5ADE68841B599B2ECBA /* react-logo.png in Resources */,
				C6EDBD51A3D84740A01FD5D3 /* react-logo@2x.png in Resources */,
				BE6A35A28C624D19B57EB919 /* react-logo@3x.png in Resources */,
				E3EEF3977C1246FDB88462E1 /* splash.png in Resources */,
			);
			runOnlyForDeploymentPostprocessing = 0;
		};
/* End PBXResourcesBuildPhase section */

/* Begin PBXShellScriptBuildPhase section */
		00DD1BFF1BD5951E006B06BC /* Bundle React Native code and images */ = {
			isa = PBXShellScriptBuildPhase;
			alwaysOutOfDate = 1;
			buildActionMask = 2147483647;
			files = (
			);
			inputPaths = (
			);
			name = "Bundle React Native code and images";
			outputPaths = (
			);
			runOnlyForDeploymentPostprocessing = 0;
			shellPath = /bin/sh;
			shellScript = "if [[ -f \"$PODS_ROOT/../.xcode.env\" ]]; then\n  source \"$PODS_ROOT/../.xcode.env\"\nfi\nif [[ -f \"$PODS_ROOT/../.xcode.env.local\" ]]; then\n  source \"$PODS_ROOT/../.xcode.env.local\"\nfi\n\n# The project root by default is one level up from the ios directory\nexport PROJECT_ROOT=\"$PROJECT_DIR\"/..\n\nif [[ \"$CONFIGURATION\" = *Debug* ]]; then\n  export SKIP_BUNDLING=1\nfi\nif [[ -z \"$ENTRY_FILE\" ]]; then\n  # Set the entry JS file using the bundler's entry resolution.\n  export ENTRY_FILE=\"$(\"$NODE_BINARY\" -e \"require('expo/scripts/resolveAppEntry')\" \"$PROJECT_ROOT\" ios absolute | tail -n 1)\"\nfi\n\nif [[ -z \"$CLI_PATH\" ]]; then\n  # Use Expo CLI\n  export CLI_PATH=\"$(\"$NODE_BINARY\" --print \"require.resolve('@expo/cli', { paths: [require.resolve('expo/package.json')] })\")\"\nfi\nif [[ -z \"$BUNDLE_COMMAND\" ]]; then\n  # Default Expo CLI command for bundling\n  export BUNDLE_COMMAND=\"export:embed\"\nfi\n\n# Source .xcode.env.updates if it exists to allow\n# SKIP_BUNDLING to be unset if needed\nif [[ -f \"$PODS_ROOT/../.xcode.env.updates\" ]]; then\n  source \"$PODS_ROOT/../.xcode.env.updates\"\nfi\n# Source local changes to allow overrides\n# if needed\nif [[ -f \"$PODS_ROOT/../.xcode.env.local\" ]]; then\n  source \"$PODS_ROOT/../.xcode.env.local\"\nfi\n\n`\"$NODE_BINARY\" --print \"require('path').dirname(require.resolve('react-native/package.json')) + '/scripts/react-native-xcode.sh'\"`\n\n";
		};
		08A4A3CD28434E44B6B9DE2E /* [CP] Check Pods Manifest.lock */ = {
			isa = PBXShellScriptBuildPhase;
			buildActionMask = 2147483647;
			files = (
			);
			inputFileListPaths = (
			);
			inputPaths = (
				"${PODS_PODFILE_DIR_PATH}/Podfile.lock",
				"${PODS_ROOT}/Manifest.lock",
			);
			name = "[CP] Check Pods Manifest.lock";
			outputFileListPaths = (
			);
			outputPaths = (
				"$(DERIVED_FILE_DIR)/Pods-expoapp-checkManifestLockResult.txt",
			);
			runOnlyForDeploymentPostprocessing = 0;
			shellPath = /bin/sh;
			shellScript = "diff \"${PODS_PODFILE_DIR_PATH}/Podfile.lock\" \"${PODS_ROOT}/Manifest.lock\" > /dev/null\nif [ $? != 0 ] ; then\n    # print error to STDERR\n    echo \"error: The sandbox is not in sync with the Podfile.lock. Run 'pod install' or update your CocoaPods installation.\" >&2\n    exit 1\nfi\n# This output is used by Xcode 'outputs' to avoid re-running this script phase.\necho \"SUCCESS\" > \"${SCRIPT_OUTPUT_FILE_0}\"\n";
			showEnvVarsInLog = 0;
		};
		727CD76238D6329BB3B51288 /* [Expo] Configure project */ = {
			isa = PBXShellScriptBuildPhase;
			alwaysOutOfDate = 1;
			buildActionMask = 2147483647;
			files = (
			);
			inputFileListPaths = (
			);
			inputPaths = (
			);
			name = "[Expo] Configure project";
			outputFileListPaths = (
			);
			outputPaths = (
			);
			runOnlyForDeploymentPostprocessing = 0;
			shellPath = /bin/sh;
			shellScript = "# This script configures Expo modules and generates the modules provider file.\nbash -l -c \"./Pods/Target\\ Support\\ Files/Pods-expoapp/expo-configure-project.sh\"\n";
		};
		800E24972A6A228C8D4807E9 /* [CP] Copy Pods Resources */ = {
			isa = PBXShellScriptBuildPhase;
			buildActionMask = 2147483647;
			files = (
			);
			inputPaths = (
				"${PODS_ROOT}/Target Support Files/Pods-expoapp/Pods-expoapp-resources.sh",
				"${PODS_CONFIGURATION_BUILD_DIR}/EXConstants/EXConstants.bundle",
				"${PODS_CONFIGURATION_BUILD_DIR}/EXConstants/ExpoConstants_privacy.bundle",
				"${PODS_CONFIGURATION_BUILD_DIR}/ExpoFileSystem/ExpoFileSystem_privacy.bundle",
				"${PODS_CONFIGURATION_BUILD_DIR}/ExpoSystemUI/ExpoSystemUI_privacy.bundle",
				"${PODS_CONFIGURATION_BUILD_DIR}/RNCAsyncStorage/RNCAsyncStorage_resources.bundle",
				"${PODS_ROOT}/../../node_modules/react-native-vector-icons/Fonts/AntDesign.ttf",
				"${PODS_ROOT}/../../node_modules/react-native-vector-icons/Fonts/Entypo.ttf",
				"${PODS_ROOT}/../../node_modules/react-native-vector-icons/Fonts/EvilIcons.ttf",
				"${PODS_ROOT}/../../node_modules/react-native-vector-icons/Fonts/Feather.ttf",
				"${PODS_ROOT}/../../node_modules/react-native-vector-icons/Fonts/FontAwesome.ttf",
				"${PODS_ROOT}/../../node_modules/react-native-vector-icons/Fonts/FontAwesome5_Brands.ttf",
				"${PODS_ROOT}/../../node_modules/react-native-vector-icons/Fonts/FontAwesome5_Regular.ttf",
				"${PODS_ROOT}/../../node_modules/react-native-vector-icons/Fonts/FontAwesome5_Solid.ttf",
				"${PODS_ROOT}/../../node_modules/react-native-vector-icons/Fonts/FontAwesome6_Brands.ttf",
				"${PODS_ROOT}/../../node_modules/react-native-vector-icons/Fonts/FontAwesome6_Regular.ttf",
				"${PODS_ROOT}/../../node_modules/react-native-vector-icons/Fonts/FontAwesome6_Solid.ttf",
				"${PODS_ROOT}/../../node_modules/react-native-vector-icons/Fonts/Fontisto.ttf",
				"${PODS_ROOT}/../../node_modules/react-native-vector-icons/Fonts/Foundation.ttf",
				"${PODS_ROOT}/../../node_modules/react-native-vector-icons/Fonts/Ionicons.ttf",
				"${PODS_ROOT}/../../node_modules/react-native-vector-icons/Fonts/MaterialCommunityIcons.ttf",
				"${PODS_ROOT}/../../node_modules/react-native-vector-icons/Fonts/MaterialIcons.ttf",
				"${PODS_ROOT}/../../node_modules/react-native-vector-icons/Fonts/Octicons.ttf",
				"${PODS_ROOT}/../../node_modules/react-native-vector-icons/Fonts/SimpleLineIcons.ttf",
				"${PODS_ROOT}/../../node_modules/react-native-vector-icons/Fonts/Zocial.ttf",
				"${PODS_CONFIGURATION_BUILD_DIR}/React-Core/RCTI18nStrings.bundle",
				"${PODS_CONFIGURATION_BUILD_DIR}/lottie-ios/LottiePrivacyInfo.bundle",
				"${PODS_CONFIGURATION_BUILD_DIR}/lottie-react-native/Lottie_React_Native_Privacy.bundle",
			);
			name = "[CP] Copy Pods Resources";
			outputPaths = (
				"${TARGET_BUILD_DIR}/${UNLOCALIZED_RESOURCES_FOLDER_PATH}/EXConstants.bundle",
				"${TARGET_BUILD_DIR}/${UNLOCALIZED_RESOURCES_FOLDER_PATH}/ExpoConstants_privacy.bundle",
				"${TARGET_BUILD_DIR}/${UNLOCALIZED_RESOURCES_FOLDER_PATH}/ExpoFileSystem_privacy.bundle",
				"${TARGET_BUILD_DIR}/${UNLOCALIZED_RESOURCES_FOLDER_PATH}/ExpoSystemUI_privacy.bundle",
				"${TARGET_BUILD_DIR}/${UNLOCALIZED_RESOURCES_FOLDER_PATH}/RNCAsyncStorage_resources.bundle",
				"${TARGET_BUILD_DIR}/${UNLOCALIZED_RESOURCES_FOLDER_PATH}/AntDesign.ttf",
				"${TARGET_BUILD_DIR}/${UNLOCALIZED_RESOURCES_FOLDER_PATH}/Entypo.ttf",
				"${TARGET_BUILD_DIR}/${UNLOCALIZED_RESOURCES_FOLDER_PATH}/EvilIcons.ttf",
				"${TARGET_BUILD_DIR}/${UNLOCALIZED_RESOURCES_FOLDER_PATH}/Feather.ttf",
				"${TARGET_BUILD_DIR}/${UNLOCALIZED_RESOURCES_FOLDER_PATH}/FontAwesome.ttf",
				"${TARGET_BUILD_DIR}/${UNLOCALIZED_RESOURCES_FOLDER_PATH}/FontAwesome5_Brands.ttf",
				"${TARGET_BUILD_DIR}/${UNLOCALIZED_RESOURCES_FOLDER_PATH}/FontAwesome5_Regular.ttf",
				"${TARGET_BUILD_DIR}/${UNLOCALIZED_RESOURCES_FOLDER_PATH}/FontAwesome5_Solid.ttf",
				"${TARGET_BUILD_DIR}/${UNLOCALIZED_RESOURCES_FOLDER_PATH}/FontAwesome6_Brands.ttf",
				"${TARGET_BUILD_DIR}/${UNLOCALIZED_RESOURCES_FOLDER_PATH}/FontAwesome6_Regular.ttf",
				"${TARGET_BUILD_DIR}/${UNLOCALIZED_RESOURCES_FOLDER_PATH}/FontAwesome6_Solid.ttf",
				"${TARGET_BUILD_DIR}/${UNLOCALIZED_RESOURCES_FOLDER_PATH}/Fontisto.ttf",
				"${TARGET_BUILD_DIR}/${UNLOCALIZED_RESOURCES_FOLDER_PATH}/Foundation.ttf",
				"${TARGET_BUILD_DIR}/${UNLOCALIZED_RESOURCES_FOLDER_PATH}/Ionicons.ttf",
				"${TARGET_BUILD_DIR}/${UNLOCALIZED_RESOURCES_FOLDER_PATH}/MaterialCommunityIcons.ttf",
				"${TARGET_BUILD_DIR}/${UNLOCALIZED_RESOURCES_FOLDER_PATH}/MaterialIcons.ttf",
				"${TARGET_BUILD_DIR}/${UNLOCALIZED_RESOURCES_FOLDER_PATH}/Octicons.ttf",
				"${TARGET_BUILD_DIR}/${UNLOCALIZED_RESOURCES_FOLDER_PATH}/SimpleLineIcons.ttf",
				"${TARGET_BUILD_DIR}/${UNLOCALIZED_RESOURCES_FOLDER_PATH}/Zocial.ttf",
				"${TARGET_BUILD_DIR}/${UNLOCALIZED_RESOURCES_FOLDER_PATH}/RCTI18nStrings.bundle",
				"${TARGET_BUILD_DIR}/${UNLOCALIZED_RESOURCES_FOLDER_PATH}/LottiePrivacyInfo.bundle",
				"${TARGET_BUILD_DIR}/${UNLOCALIZED_RESOURCES_FOLDER_PATH}/Lottie_React_Native_Privacy.bundle",
			);
			runOnlyForDeploymentPostprocessing = 0;
			shellPath = /bin/sh;
			shellScript = "\"${PODS_ROOT}/Target Support Files/Pods-expoapp/Pods-expoapp-resources.sh\"\n";
			showEnvVarsInLog = 0;
		};
		BE876DC4FF1CFACA527C2C65 /* [CP] Embed Pods Frameworks */ = {
			isa = PBXShellScriptBuildPhase;
			buildActionMask = 2147483647;
			files = (
			);
			inputPaths = (
				"${PODS_ROOT}/Target Support Files/Pods-expoapp/Pods-expoapp-frameworks.sh",
				"${PODS_XCFRAMEWORKS_BUILD_DIR}/hermes-engine/Pre-built/hermes.framework/hermes",
			);
			name = "[CP] Embed Pods Frameworks";
			outputPaths = (
				"${TARGET_BUILD_DIR}/${FRAMEWORKS_FOLDER_PATH}/hermes.framework",
			);
			runOnlyForDeploymentPostprocessing = 0;
			shellPath = /bin/sh;
			shellScript = "\"${PODS_ROOT}/Target Support Files/Pods-expoapp/Pods-expoapp-frameworks.sh\"\n";
			showEnvVarsInLog = 0;
		};
/* End PBXShellScriptBuildPhase section */

/* Begin PBXSourcesBuildPhase section */
		13B07F871A680F5B00A75B9A /* Sources */ = {
			isa = PBXSourcesBuildPhase;
			buildActionMask = 2147483647;
			files = (
				13B07FBC1A68108700A75B9A /* AppDelegate.mm in Sources */,
				13B07FC11A68108700A75B9A /* main.m in Sources */,
				B18059E884C0ABDD17F3DC3D /* ExpoModulesProvider.swift in Sources */,
				891B471B43D44400AFEF94E2 /* noop-file.swift in Sources */,
			);
			runOnlyForDeploymentPostprocessing = 0;
		};
/* End PBXSourcesBuildPhase section */

/* Begin XCBuildConfiguration section */
		13B07F941A680F5B00A75B9A /* Debug */ = {
			isa = XCBuildConfiguration;
			baseConfigurationReference = 6C2E3173556A471DD304B334 /* Pods-expoapp.debug.xcconfig */;
			buildSettings = {
				ASSETCATALOG_COMPILER_APPICON_NAME = AppIcon;
				CLANG_ENABLE_MODULES = YES;
				CODE_SIGN_ENTITLEMENTS = expoapp/expoapp.entitlements;
				CURRENT_PROJECT_VERSION = 1;
				ENABLE_BITCODE = NO;
				GCC_PREPROCESSOR_DEFINITIONS = (
					"$(inherited)",
					"FB_SONARKIT_ENABLED=1",
				);
				INFOPLIST_FILE = expoapp/Info.plist;
				IPHONEOS_DEPLOYMENT_TARGET = 13.4;
				LD_RUNPATH_SEARCH_PATHS = "$(inherited) @executable_path/Frameworks";
				MARKETING_VERSION = 1.0;
				OTHER_LDFLAGS = (
					"$(inherited)",
					"-ObjC",
					"-lc++",
				);
				OTHER_SWIFT_FLAGS = "$(inherited) -D EXPO_CONFIGURATION_DEBUG";
				PRODUCT_BUNDLE_IDENTIFIER = coffeeios;
				PRODUCT_NAME = expoapp;
				SWIFT_OBJC_BRIDGING_HEADER = "expoapp/expoapp-Bridging-Header.h";
				SWIFT_OPTIMIZATION_LEVEL = "-Onone";
				SWIFT_VERSION = 5.0;
				TARGETED_DEVICE_FAMILY = "1,2";
				VERSIONING_SYSTEM = "apple-generic";
			};
			name = Debug;
		};
		13B07F951A680F5B00A75B9A /* Release */ = {
			isa = XCBuildConfiguration;
			baseConfigurationReference = 7A4D352CD337FB3A3BF06240 /* Pods-expoapp.release.xcconfig */;
			buildSettings = {
				ASSETCATALOG_COMPILER_APPICON_NAME = AppIcon;
				CLANG_ENABLE_MODULES = YES;
				CODE_SIGN_ENTITLEMENTS = expoapp/expoapp.entitlements;
				CURRENT_PROJECT_VERSION = 1;
				INFOPLIST_FILE = expoapp/Info.plist;
				IPHONEOS_DEPLOYMENT_TARGET = 13.4;
				LD_RUNPATH_SEARCH_PATHS = "$(inherited) @executable_path/Frameworks";
				MARKETING_VERSION = 1.0;
				OTHER_LDFLAGS = (
					"$(inherited)",
					"-ObjC",
					"-lc++",
				);
				OTHER_SWIFT_FLAGS = "$(inherited) -D EXPO_CONFIGURATION_RELEASE";
				PRODUCT_BUNDLE_IDENTIFIER = coffeeios;
				PRODUCT_NAME = expoapp;
				SWIFT_OBJC_BRIDGING_HEADER = "expoapp/expoapp-Bridging-Header.h";
				SWIFT_VERSION = 5.0;
				TARGETED_DEVICE_FAMILY = "1,2";
				VERSIONING_SYSTEM = "apple-generic";
			};
			name = Release;
		};
		83CBBA201A601CBA00E9B192 /* Debug */ = {
			isa = XCBuildConfiguration;
			buildSettings = {
				ALWAYS_SEARCH_USER_PATHS = NO;
				CC = "";
				CLANG_ANALYZER_LOCALIZABILITY_NONLOCALIZED = YES;
				CLANG_CXX_LANGUAGE_STANDARD = "c++20";
				CLANG_CXX_LIBRARY = "libc++";
				CLANG_ENABLE_MODULES = YES;
				CLANG_ENABLE_OBJC_ARC = YES;
				CLANG_WARN_BLOCK_CAPTURE_AUTORELEASING = YES;
				CLANG_WARN_BOOL_CONVERSION = YES;
				CLANG_WARN_COMMA = YES;
				CLANG_WARN_CONSTANT_CONVERSION = YES;
				CLANG_WARN_DEPRECATED_OBJC_IMPLEMENTATIONS = YES;
				CLANG_WARN_DIRECT_OBJC_ISA_USAGE = YES_ERROR;
				CLANG_WARN_EMPTY_BODY = YES;
				CLANG_WARN_ENUM_CONVERSION = YES;
				CLANG_WARN_INFINITE_RECURSION = YES;
				CLANG_WARN_INT_CONVERSION = YES;
				CLANG_WARN_NON_LITERAL_NULL_CONVERSION = YES;
				CLANG_WARN_OBJC_IMPLICIT_RETAIN_SELF = YES;
				CLANG_WARN_OBJC_LITERAL_CONVERSION = YES;
				CLANG_WARN_OBJC_ROOT_CLASS = YES_ERROR;
				CLANG_WARN_RANGE_LOOP_ANALYSIS = YES;
				CLANG_WARN_STRICT_PROTOTYPES = YES;
				CLANG_WARN_SUSPICIOUS_MOVE = YES;
				CLANG_WARN_UNREACHABLE_CODE = YES;
				CLANG_WARN__DUPLICATE_METHOD_MATCH = YES;
				"CODE_SIGN_IDENTITY[sdk=iphoneos*]" = "iPhone Developer";
				COPY_PHASE_STRIP = NO;
				CXX = "";
				ENABLE_STRICT_OBJC_MSGSEND = YES;
				ENABLE_TESTABILITY = YES;
				GCC_C_LANGUAGE_STANDARD = gnu99;
				GCC_DYNAMIC_NO_PIC = NO;
				GCC_NO_COMMON_BLOCKS = YES;
				GCC_OPTIMIZATION_LEVEL = 0;
				GCC_PREPROCESSOR_DEFINITIONS = (
					"DEBUG=1",
					"$(inherited)",
				);
				GCC_SYMBOLS_PRIVATE_EXTERN = NO;
				GCC_WARN_64_TO_32_BIT_CONVERSION = YES;
				GCC_WARN_ABOUT_RETURN_TYPE = YES_ERROR;
				GCC_WARN_UNDECLARED_SELECTOR = YES;
				GCC_WARN_UNINITIALIZED_AUTOS = YES_AGGRESSIVE;
				GCC_WARN_UNUSED_FUNCTION = YES;
				GCC_WARN_UNUSED_VARIABLE = YES;
				IPHONEOS_DEPLOYMENT_TARGET = 13.4;
				LD = "";
				LDPLUSPLUS = "";
				LD_RUNPATH_SEARCH_PATHS = "/usr/lib/swift $(inherited)";
				LIBRARY_SEARCH_PATHS = "$(SDKROOT)/usr/lib/swift\"$(inherited)\"";
				MTL_ENABLE_DEBUG_INFO = YES;
				ONLY_ACTIVE_ARCH = YES;
				OTHER_LDFLAGS = (
					"$(inherited)",
					" ",
				);
				REACT_NATIVE_PATH = "${PODS_ROOT}/../../node_modules/react-native";
				SDKROOT = iphoneos;
				USE_HERMES = true;
			};
			name = Debug;
		};
		83CBBA211A601CBA00E9B192 /* Release */ = {
			isa = XCBuildConfiguration;
			buildSettings = {
				ALWAYS_SEARCH_USER_PATHS = NO;
				CC = "";
				CLANG_ANALYZER_LOCALIZABILITY_NONLOCALIZED = YES;
				CLANG_CXX_LANGUAGE_STANDARD = "c++20";
				CLANG_CXX_LIBRARY = "libc++";
				CLANG_ENABLE_MODULES = YES;
				CLANG_ENABLE_OBJC_ARC = YES;
				CLANG_WARN_BLOCK_CAPTURE_AUTORELEASING = YES;
				CLANG_WARN_BOOL_CONVERSION = YES;
				CLANG_WARN_COMMA = YES;
				CLANG_WARN_CONSTANT_CONVERSION = YES;
				CLANG_WARN_DEPRECATED_OBJC_IMPLEMENTATIONS = YES;
				CLANG_WARN_DIRECT_OBJC_ISA_USAGE = YES_ERROR;
				CLANG_WARN_EMPTY_BODY = YES;
				CLANG_WARN_ENUM_CONVERSION = YES;
				CLANG_WARN_INFINITE_RECURSION = YES;
				CLANG_WARN_INT_CONVERSION = YES;
				CLANG_WARN_NON_LITERAL_NULL_CONVERSION = YES;
				CLANG_WARN_OBJC_IMPLICIT_RETAIN_SELF = YES;
				CLANG_WARN_OBJC_LITERAL_CONVERSION = YES;
				CLANG_WARN_OBJC_ROOT_CLASS = YES_ERROR;
				CLANG_WARN_RANGE_LOOP_ANALYSIS = YES;
				CLANG_WARN_STRICT_PROTOTYPES = YES;
				CLANG_WARN_SUSPICIOUS_MOVE = YES;
				CLANG_WARN_UNREACHABLE_CODE = YES;
				CLANG_WARN__DUPLICATE_METHOD_MATCH = YES;
				"CODE_SIGN_IDENTITY[sdk=iphoneos*]" = "iPhone Developer";
				COPY_PHASE_STRIP = YES;
				CXX = "";
				ENABLE_NS_ASSERTIONS = NO;
				ENABLE_STRICT_OBJC_MSGSEND = YES;
				GCC_C_LANGUAGE_STANDARD = gnu99;
				GCC_NO_COMMON_BLOCKS = YES;
				GCC_WARN_64_TO_32_BIT_CONVERSION = YES;
				GCC_WARN_ABOUT_RETURN_TYPE = YES_ERROR;
				GCC_WARN_UNDECLARED_SELECTOR = YES;
				GCC_WARN_UNINITIALIZED_AUTOS = YES_AGGRESSIVE;
				GCC_WARN_UNUSED_FUNCTION = YES;
				GCC_WARN_UNUSED_VARIABLE = YES;
				IPHONEOS_DEPLOYMENT_TARGET = 13.4;
				LD = "";
				LDPLUSPLUS = "";
				LD_RUNPATH_SEARCH_PATHS = "/usr/lib/swift $(inherited)";
				LIBRARY_SEARCH_PATHS = "$(SDKROOT)/usr/lib/swift\"$(inherited)\"";
				MTL_ENABLE_DEBUG_INFO = NO;
				OTHER_LDFLAGS = (
					"$(inherited)",
					" ",
				);
				REACT_NATIVE_PATH = "${PODS_ROOT}/../../node_modules/react-native";
				SDKROOT = iphoneos;
				USE_HERMES = true;
				VALIDATE_PRODUCT = YES;
			};
			name = Release;
		};
/* End XCBuildConfiguration section */

/* Begin XCConfigurationList section */
		13B07F931A680F5B00A75B9A /* Build configuration list for PBXNativeTarget "expoapp" */ = {
			isa = XCConfigurationList;
			buildConfigurations = (
				13B07F941A680F5B00A75B9A /* Debug */,
				13B07F951A680F5B00A75B9A /* Release */,
			);
			defaultConfigurationIsVisible = 0;
			defaultConfigurationName = Release;
		};
		83CBB9FA1A601CBA00E9B192 /* Build configuration list for PBXProject "expoapp" */ = {
			isa = XCConfigurationList;
			buildConfigurations = (
				83CBBA201A601CBA00E9B192 /* Debug */,
				83CBBA211A601CBA00E9B192 /* Release */,
			);
			defaultConfigurationIsVisible = 0;
			defaultConfigurationName = Release;
		};
/* End XCConfigurationList section */
	};
	rootObject = 83CBB9F71A601CBA00E9B192 /* Project object */;
}
